
Microsoft Visual Studio Solution File, Format Version 12.00
# Visual Studio Version 17
VisualStudioVersion = 17.0.32112.339
MinimumVisualStudioVersion = 10.0.40219.1
Project("{FAE04EC0-301F-11D3-BF4B-00C04F79EFBC}") = "Atividade3 - APPD", "Atividade3 - APPD\Atividade3 - APPD.csproj", "{AD7BEB34-382A-4D7E-8016-4E81015A478B}"
EndProject
Global
	GlobalSection(SolutionConfigurationPlatforms) = preSolution
		Debug|Any CPU = Debug|Any CPU
		Release|Any CPU = Release|Any CPU
	EndGlobalSection
	GlobalSection(ProjectConfigurationPlatforms) = postSolution
		{AD7BEB34-382A-4D7E-8016-4E81015A478B}.Debug|Any CPU.ActiveCfg = Debug|Any CPU
		{AD7BEB34-382A-4D7E-8016-4E81015A478B}.Debug|Any CPU.Build.0 = Debug|Any CPU
		{AD7BEB34-382A-4D7E-8016-4E81015A478B}.Release|Any CPU.ActiveCfg = Release|Any CPU
		{AD7BEB34-382A-4D7E-8016-4E81015A478B}.Release|Any CPU.Build.0 = Release|Any CPU
	EndGlobalSection
	GlobalSection(SolutionProperties) = preSolution
		HideSolutionNode = FALSE
	EndGlobalSection
	GlobalSection(ExtensibilityGlobals) = postSolution
		SolutionGuid = {A16E0EB6-989C-4059-B757-4C403BD91253}
	EndGlobalSection
EndGlobal
